{
  "name": "project",
  "version": "1.0.0",
  "lockfileVersion": 2,
  "requires": true,
  "packages": {
    "": {
      "name": "project",
      "version": "1.0.0",
      "license": "ISC",
      "dependencies": {
        "deep-object-diff": "^1.1.7"
      }
    },
    "node_modules/deep-object-diff": {
      "version": "1.1.7",
      "resolved": "https://registry.npmjs.org/deep-object-diff/-/deep-object-diff-1.1.7.tgz",
      "integrity": "sha512-QkgBca0mL08P6HiOjoqvmm6xOAl2W6CT2+34Ljhg0OeFan8cwlcdq8jrLKsBBuUFAZLsN5b6y491KdKEoSo9lg=="
    }
  },
  "dependencies": {
    "deep-object-diff": {
      "version": "1.1.7",
      "resolved": "https://registry.npmjs.org/deep-object-diff/-/deep-object-diff-1.1.7.tgz",
      "integrity": "sha512-QkgBca0mL08P6HiOjoqvmm6xOAl2W6CT2+34Ljhg0OeFan8cwlcdq8jrLKsBBuUFAZLsN5b6y491KdKEoSo9lg=="
    }
  }
}
